
Microsoft Visual Studio Solution File, Format Version 12.00
# Visual Studio Version 16
VisualStudioVersion = 16.0.34931.43
MinimumVisualStudioVersion = 10.0.40219.1
Project("{9A19103F-16F7-4668-BE54-9A1E7A4F7556}") = "TicketBookings", "TicketBookings\TicketBookings.csproj", "{DAF2E9E1-4582-4739-AC57-B8C13C4A821D}"
EndProject
Project("{9A19103F-16F7-4668-BE54-9A1E7A4F7556}") = "BusinessLayer", "BusinessLayer\BusinessLayer.csproj", "{8364B48C-513B-46D2-9F16-01043AAF2F88}"
EndProject
Project("{9A19103F-16F7-4668-BE54-9A1E7A4F7556}") = "DataAccessLayer", "DataAccessLayer\DataAccessLayer.csproj", "{EFBC7838-4221-4838-BA85-0AD08BE7BE48}"
EndProject
Project("{FAE04EC0-301F-11D3-BF4B-00C04F79EFBC}") = "PresentationLayer", "PresentationLayer\PresentationLayer.csproj", "{BB92BEF2-0C74-4A2B-B848-A22C815466DF}"
EndProject
Global
	GlobalSection(SolutionConfigurationPlatforms) = preSolution
		Debug|Any CPU = Debug|Any CPU
		Release|Any CPU = Release|Any CPU
	EndGlobalSection
	GlobalSection(ProjectConfigurationPlatforms) = postSolution
		{DAF2E9E1-4582-4739-AC57-B8C13C4A821D}.Debug|Any CPU.ActiveCfg = Debug|Any CPU
		{DAF2E9E1-4582-4739-AC57-B8C13C4A821D}.Debug|Any CPU.Build.0 = Debug|Any CPU
		{DAF2E9E1-4582-4739-AC57-B8C13C4A821D}.Release|Any CPU.ActiveCfg = Release|Any CPU
		{DAF2E9E1-4582-4739-AC57-B8C13C4A821D}.Release|Any CPU.Build.0 = Release|Any CPU
		{8364B48C-513B-46D2-9F16-01043AAF2F88}.Debug|Any CPU.ActiveCfg = Debug|Any CPU
		{8364B48C-513B-46D2-9F16-01043AAF2F88}.Debug|Any CPU.Build.0 = Debug|Any CPU
		{8364B48C-513B-46D2-9F16-01043AAF2F88}.Release|Any CPU.ActiveCfg = Release|Any CPU
		{8364B48C-513B-46D2-9F16-01043AAF2F88}.Release|Any CPU.Build.0 = Release|Any CPU
		{EFBC7838-4221-4838-BA85-0AD08BE7BE48}.Debug|Any CPU.ActiveCfg = Debug|Any CPU
		{EFBC7838-4221-4838-BA85-0AD08BE7BE48}.Debug|Any CPU.Build.0 = Debug|Any CPU
		{EFBC7838-4221-4838-BA85-0AD08BE7BE48}.Release|Any CPU.ActiveCfg = Release|Any CPU
		{EFBC7838-4221-4838-BA85-0AD08BE7BE48}.Release|Any CPU.Build.0 = Release|Any CPU
		{BB92BEF2-0C74-4A2B-B848-A22C815466DF}.Debug|Any CPU.ActiveCfg = Debug|Any CPU
		{BB92BEF2-0C74-4A2B-B848-A22C815466DF}.Debug|Any CPU.Build.0 = Debug|Any CPU
		{BB92BEF2-0C74-4A2B-B848-A22C815466DF}.Release|Any CPU.ActiveCfg = Release|Any CPU
		{BB92BEF2-0C74-4A2B-B848-A22C815466DF}.Release|Any CPU.Build.0 = Release|Any CPU
	EndGlobalSection
	GlobalSection(SolutionProperties) = preSolution
		HideSolutionNode = FALSE
	EndGlobalSection
	GlobalSection(ExtensibilityGlobals) = postSolution
		SolutionGuid = {71833849-BB7E-48BA-A374-DE3A77FC7CC3}
	EndGlobalSection
EndGlobal
